// !$*UTF8*$!
{
	archiveVersion = 1;
	classes = {
	};
	objectVersion = 46;
	objects = {

/* Begin PBXBuildFile section */
		73A99ABD1DEE654A00AAADC2 /* main.m in Sources */ = {isa = PBXBuildFile; fileRef = 73A99ABC1DEE654A00AAADC2 /* main.m */; };
		73A99AC01DEE654A00AAADC2 /* AppDelegate.m in Sources */ = {isa = PBXBuildFile; fileRef = 73A99ABF1DEE654A00AAADC2 /* AppDelegate.m */; };
		73A99AC31DEE654A00AAADC2 /* ViewController.m in Sources */ = {isa = PBXBuildFile; fileRef = 73A99AC21DEE654A00AAADC2 /* ViewController.m */; };
		73A99AC61DEE654A00AAADC2 /* Main.storyboard in Resources */ = {isa = PBXBuildFile; fileRef = 73A99AC41DEE654A00AAADC2 /* Main.storyboard */; };
		73A99AC81DEE654A00AAADC2 /* Assets.xcassets in Resources */ = {isa = PBXBuildFile; fileRef = 73A99AC71DEE654A00AAADC2 /* Assets.xcassets */; };
		73A99ACB1DEE654A00AAADC2 /* LaunchScreen.storyboard in Resources */ = {isa = PBXBuildFile; fileRef = 73A99AC91DEE654A00AAADC2 /* LaunchScreen.storyboard */; };
		73A99AD41DEEA3C200AAADC2 /* DateCha.m in Sources */ = {isa = PBXBuildFile; fileRef = 73A99AD31DEEA3C200AAADC2 /* DateCha.m */; };
/* End PBXBuildFile section */

/* Begin PBXFileReference section */
		73A99AB81DEE654A00AAADC2 /* jishiqi.app */ = {isa = PBXFileReference; explicitFileType = wrapper.application; includeInIndex = 0; path = jishiqi.app; sourceTree = BUILT_PRODUCTS_DIR; };
		73A99ABC1DEE654A00AAADC2 /* main.m */ = {isa = PBXFileReference; lastKnownFileType = sourcecode.c.objc; path = main.m; sourceTree = "<group>"; };
		73A99ABE1DEE654A00AAADC2 /* AppDelegate.h */ = {isa = PBXFileReference; lastKnownFileType = sourcecode.c.h; path = AppDelegate.h; sourceTree = "<group>"; };
		73A99ABF1DEE654A00AAADC2 /* AppDelegate.m */ = {isa = PBXFileReference; lastKnownFileType = sourcecode.c.objc; path = AppDelegate.m; sourceTree = "<group>"; };
		73A99AC11DEE654A00AAADC2 /* ViewController.h */ = {isa = PBXFileReference; lastKnownFileType = sourcecode.c.h; path = ViewController.h; sourceTree = "<group>"; };
		73A99AC21DEE654A00AAADC2 /* ViewController.m */ = {isa = PBXFileReference; lastKnownFileType = sourcecode.c.objc; path = ViewController.m; sourceTree = "<group>"; };
		73A99AC51DEE654A00AAADC2 /* Base */ = {isa = PBXFileReference; lastKnownFileType = file.storyboard; name = Base; path = Base.lproj/Main.storyboard; sourceTree = "<group>"; };
		73A99AC71DEE654A00AAADC2 /* Assets.xcassets */ = {isa = PBXFileReference; lastKnownFileType = folder.assetcatalog; path = Assets.xcassets; sourceTree = "<group>"; };
		73A99ACA1DEE654A00AAADC2 /* Base */ = {isa = PBXFileReference; lastKnownFileType = file.storyboard; name = Base; path = Base.lproj/LaunchScreen.storyboard; sourceTree = "<group>"; };
		73A99ACC1DEE654A00AAADC2 /* Info.plist */ = {isa = PBXFileReference; lastKnownFileType = text.plist.xml; path = Info.plist; sourceTree = "<group>"; };
		73A99AD21DEEA3C200AAADC2 /* DateCha.h */ = {isa = PBXFileReference; fileEncoding = 4; lastKnownFileType = sourcecode.c.h; path = DateCha.h; sourceTree = "<group>"; };
		73A99AD31DEEA3C200AAADC2 /* DateCha.m */ = {isa = PBXFileReference; fileEncoding = 4; lastKnownFileType = sourcecode.c.objc; path = DateCha.m; sourceTree = "<group>"; };
/* End PBXFileReference section */

/* Begin PBXFrameworksBuildPhase section */
		73A99AB51DEE654A00AAADC2 /* Frameworks */ = {
			isa = PBXFrameworksBuildPhase;
			buildActionMask = 2147483647;
			files = (
			);
			runOnlyForDeploymentPostprocessing = 0;
		};
/* End PBXFrameworksBuildPhase section */

/* Begin PBXGroup section */
		73A99AAF1DEE654A00AAADC2 = {
			isa = PBXGroup;
			children = (
				73A99ABA1DEE654A00AAADC2 /* jishiqi */,
				73A99AB91DEE654A00AAADC2 /* Products */,
			);
			sourceTree = "<group>";
		};
		73A99AB91DEE654A00AAADC2 /* Products */ = {
			isa = PBXGroup;
			children = (
				73A99AB81DEE654A00AAADC2 /* jishiqi.app */,
			);
			name = Products;
			sourceTree = "<group>";
		};
		73A99ABA1DEE654A00AAADC2 /* jishiqi */ = {
			isa = PBXGroup;
			children = (
				73A99ABE1DEE654A00AAADC2 /* AppDelegate.h */,
				73A99ABF1DEE654A00AAADC2 /* AppDelegate.m */,
				73A99AC11DEE654A00AAADC2 /* ViewController.h */,
				73A99AC21DEE654A00AAADC2 /* ViewController.m */,
				73A99AD21DEEA3C200AAADC2 /* DateCha.h */,
				73A99AD31DEEA3C200AAADC2 /* DateCha.m */,
				73A99AC41DEE654A00AAADC2 /* Main.storyboard */,
				73A99AC71DEE654A00AAADC2 /* Assets.xcassets */,
				73A99AC91DEE654A00AAADC2 /* LaunchScreen.storyboard */,
				73A99ACC1DEE654A00AAADC2 /* Info.plist */,
				73A99ABB1DEE654A00AAADC2 /* Supporting Files */,
			);
			path = jishiqi;
			sourceTree = "<group>";
		};
		73A99ABB1DEE654A00AAADC2 /* Supporting Files */ = {
			isa = PBXGroup;
			children = (
				73A99ABC1DEE654A00AAADC2 /* main.m */,
			);
			name = "Supporting Files";
			sourceTree = "<group>";
		};
/* End PBXGroup section */

/* Begin PBXNativeTarget section */
		73A99AB71DEE654A00AAADC2 /* jishiqi */ = {
			isa = PBXNativeTarget;
			buildConfigurationList = 73A99ACF1DEE654A00AAADC2 /* Build configuration list for PBXNativeTarget "jishiqi" */;
			buildPhases = (
				73A99AB41DEE654A00AAADC2 /* Sources */,
				73A99AB51DEE654A00AAADC2 /* Frameworks */,
				73A99AB61DEE654A00AAADC2 /* Resources */,
			);
			buildRules = (
			);
			dependencies = (
			);
			name = jishiqi;
			productName = jishiqi;
			productReference = 73A99AB81DEE654A00AAADC2 /* jishiqi.app */;
			productType = "com.apple.product-type.application";
		};
/* End PBXNativeTarget section */

/* Begin PBXProject section */
		73A99AB01DEE654A00AAADC2 /* Project object */ = {
			isa = PBXProject;
			attributes = {
				LastUpgradeCheck = 0810;
				ORGANIZATIONNAME = kuanter;
				TargetAttributes = {
					73A99AB71DEE654A00AAADC2 = {
						CreatedOnToolsVersion = 8.1;
						DevelopmentTeam = 23PSH8XXDM;
						ProvisioningStyle = Automatic;
					};
				};
			};
			buildConfigurationList = 73A99AB31DEE654A00AAADC2 /* Build configuration list for PBXProject "jishiqi" */;
			compatibilityVersion = "Xcode 3.2";
			developmentRegion = English;
			hasScannedForEncodings = 0;
			knownRegions = (
				en,
				Base,
			);
			mainGroup = 73A99AAF1DEE654A00AAADC2;
			productRefGroup = 73A99AB91DEE654A00AAADC2 /* Products */;
			projectDirPath = "";
			projectRoot = "";
			targets = (
				73A99AB71DEE654A00AAADC2 /* jishiqi */,
			);
		};
/* End PBXProject section */

/* Begin PBXResourcesBuildPhase section */
		73A99AB61DEE654A00AAADC2 /* Resources */ = {
			isa = PBXResourcesBuildPhase;
			buildActionMask = 2147483647;
			files = (
				73A99ACB1DEE654A00AAADC2 /* LaunchScreen.storyboard in Resources */,
				73A99AC81DEE654A00AAADC2 /* Assets.xcassets in Resources */,
				73A99AC61DEE654A00AAADC2 /* Main.storyboard in Resources */,
			);
			runOnlyForDeploymentPostprocessing = 0;
		};
/* End PBXResourcesBuildPhase section */

/* Begin PBXSourcesBuildPhase section */
		73A99AB41DEE654A00AAADC2 /* Sources */ = {
			isa = PBXSourcesBuildPhase;
			buildActionMask = 2147483647;
			files = (
				73A99AC31DEE654A00AAADC2 /* ViewController.m in Sources */,
				73A99AC01DEE654A00AAADC2 /* AppDelegate.m in Sources */,
				73A99AD41DEEA3C200AAADC2 /* DateCha.m in Sources */,
				73A99ABD1DEE654A00AAADC2 /* main.m in Sources */,
			);
			runOnlyForDeploymentPostprocessing = 0;
		};
/* End PBXSourcesBuildPhase section */

/* Begin PBXVariantGroup section */
		73A99AC41DEE654A00AAADC2 /* Main.storyboard */ = {
			isa = PBXVariantGroup;
			children = (
				73A99AC51DEE654A00AAADC2 /* Base */,
			);
			name = Main.storyboard;
			sourceTree = "<group>";
		};
		73A99AC91DEE654A00AAADC2 /* LaunchScreen.storyboard */ = {
			isa = PBXVariantGroup;
			children = (
				73A99ACA1DEE654A00AAADC2 /* Base */,
			);
			name = LaunchScreen.storyboard;
			sourceTree = "<group>";
		};
/* End PBXVariantGroup section */

/* Begin XCBuildConfiguration section */
		73A99ACD1DEE654A00AAADC2 /* Debug */ = {
			isa = XCBuildConfiguration;
			buildSettings = {
				ALWAYS_SEARCH_USER_PATHS = NO;
				CLANG_ANALYZER_NONNULL = YES;
				CLANG_CXX_LANGUAGE_STANDARD = "gnu++0x";
				CLANG_CXX_LIBRARY = "libc++";
				CLANG_ENABLE_MODULES = YES;
				CLANG_ENABLE_OBJC_ARC = YES;
				CLANG_WARN_BOOL_CONVERSION = YES;
				CLANG_WARN_CONSTANT_CONVERSION = YES;
				CLANG_WARN_DIRECT_OBJC_ISA_USAGE = YES_ERROR;
				CLANG_WARN_DOCUMENTATION_COMMENTS = YES;
				CLANG_WARN_EMPTY_BODY = YES;
				CLANG_WARN_ENUM_CONVERSION = YES;
				CLANG_WARN_INFINITE_RECURSION = YES;
				CLANG_WARN_INT_CONVERSION = YES;
				CLANG_WARN_OBJC_ROOT_CLASS = YES_ERROR;
				CLANG_WARN_SUSPICIOUS_MOVES = YES;
				CLANG_WARN_UNREACHABLE_CODE = YES;
				CLANG_WARN__DUPLICATE_METHOD_MATCH = YES;
				"CODE_SIGN_IDENTITY[sdk=iphoneos*]" = "iPhone Developer";
				COPY_PHASE_STRIP = NO;
				DEBUG_INFORMATION_FORMAT = dwarf;
				ENABLE_STRICT_OBJC_MSGSEND = YES;
				ENABLE_TESTABILITY = YES;
				GCC_C_LANGUAGE_STANDARD = gnu99;
				GCC_DYNAMIC_NO_PIC = NO;
				GCC_NO_COMMON_BLOCKS = YES;
				GCC_OPTIMIZATION_LEVEL = 0;
				GCC_PREPROCESSOR_DEFINITIONS = (
					"DEBUG=1",
					"$(inherited)",
				);
				GCC_WARN_64_TO_32_BIT_CONVERSION = YES;
				GCC_WARN_ABOUT_RETURN_TYPE = YES_ERROR;
				GCC_WARN_UNDECLARED_SELECTOR = YES;
				GCC_WARN_UNINITIALIZED_AUTOS = YES_AGGRESSIVE;
				GCC_WARN_UNUSED_FUNCTION = YES;
				GCC_WARN_UNUSED_VARIABLE = YES;
				IPHONEOS_DEPLOYMENT_TARGET = 10.1;
				MTL_ENABLE_DEBUG_INFO = YES;
				ONLY_ACTIVE_ARCH = YES;
				SDKROOT = iphoneos;
			};
			name = Debug;
		};
		73A99ACE1DEE654A00AAADC2 /* Release */ = {
			isa = XCBuildConfiguration;
			buildSettings = {
				ALWAYS_SEARCH_USER_PATHS = NO;
				CLANG_ANALYZER_NONNULL = YES;
				CLANG_CXX_LANGUAGE_STANDARD = "gnu++0x";
				CLANG_CXX_LIBRARY = "libc++";
				CLANG_ENABLE_MODULES = YES;
				CLANG_ENABLE_OBJC_ARC = YES;
				CLANG_WARN_BOOL_CONVERSION = YES;
				CLANG_WARN_CONSTANT_CONVERSION = YES;
				CLANG_WARN_DIRECT_OBJC_ISA_USAGE = YES_ERROR;
				CLANG_WARN_DOCUMENTATION_COMMENTS = YES;
				CLANG_WARN_EMPTY_BODY = YES;
				CLANG_WARN_ENUM_CONVERSION = YES;
				CLANG_WARN_INFINITE_RECURSION = YES;
				CLANG_WARN_INT_CONVERSION = YES;
				CLANG_WARN_OBJC_ROOT_CLASS = YES_ERROR;
				CLANG_WARN_SUSPICIOUS_MOVES = YES;
				CLANG_WARN_UNREACHABLE_CODE = YES;
				CLANG_WARN__DUPLICATE_METHOD_MATCH = YES;
				"CODE_SIGN_IDENTITY[sdk=iphoneos*]" = "iPhone Developer";
				COPY_PHASE_STRIP = NO;
				DEBUG_INFORMATION_FORMAT = "dwarf-with-dsym";
				ENABLE_NS_ASSERTIONS = NO;
				ENABLE_STRICT_OBJC_MSGSEND = YES;
				GCC_C_LANGUAGE_STANDARD = gnu99;
				GCC_NO_COMMON_BLOCKS = YES;
				GCC_WARN_64_TO_32_BIT_CONVERSION = YES;
				GCC_WARN_ABOUT_RETURN_TYPE = YES_ERROR;
				GCC_WARN_UNDECLARED_SELECTOR = YES;
				GCC_WARN_UNINITIALIZED_AUTOS = YES_AGGRESSIVE;
				GCC_WARN_UNUSED_FUNCTION = YES;
				GCC_WARN_UNUSED_VARIABLE = YES;
				IPHONEOS_DEPLOYMENT_TARGET = 10.1;
				MTL_ENABLE_DEBUG_INFO = NO;
				SDKROOT = iphoneos;
				VALIDATE_PRODUCT = YES;
			};
			name = Release;
		};
		73A99AD01DEE654A00AAADC2 /* Debug */ = {
			isa = XCBuildConfiguration;
			buildSettings = {
				ASSETCATALOG_COMPILER_APPICON_NAME = AppIcon;
				DEVELOPMENT_TEAM = 23PSH8XXDM;
				INFOPLIST_FILE = jishiqi/Info.plist;
				IPHONEOS_DEPLOYMENT_TARGET = 8.0;
				LD_RUNPATH_SEARCH_PATHS = "$(inherited) @executable_path/Frameworks";
				PRODUCT_BUNDLE_IDENTIFIER = com.kuanterauto.jishiqi;
				PRODUCT_NAME = "$(TARGET_NAME)";
			};
			name = Debug;
		};
		73A99AD11DEE654A00AAADC2 /* Release */ = {
			isa = XCBuildConfiguration;
			buildSettings = {
				ASSETCATALOG_COMPILER_APPICON_NAME = AppIcon;
				DEVELOPMENT_TEAM = 23PSH8XXDM;
				INFOPLIST_FILE = jishiqi/Info.plist;
				IPHONEOS_DEPLOYMENT_TARGET = 8.0;
				LD_RUNPATH_SEARCH_PATHS = "$(inherited) @executable_path/Frameworks";
				PRODUCT_BUNDLE_IDENTIFIER = com.kuanterauto.jishiqi;
				PRODUCT_NAME = "$(TARGET_NAME)";
			};
			name = Release;
		};
/* End XCBuildConfiguration section */

/* Begin XCConfigurationList section */
		73A99AB31DEE654A00AAADC2 /* Build configuration list for PBXProject "jishiqi" */ = {
			isa = XCConfigurationList;
			buildConfigurations = (
				73A99ACD1DEE654A00AAADC2 /* Debug */,
				73A99ACE1DEE654A00AAADC2 /* Release */,
			);
			defaultConfigurationIsVisible = 0;
			defaultConfigurationName = Release;
		};
		73A99ACF1DEE654A00AAADC2 /* Build configuration list for PBXNativeTarget "jishiqi" */ = {
			isa = XCConfigurationList;
			buildConfigurations = (
				73A99AD01DEE654A00AAADC2 /* Debug */,
				73A99AD11DEE654A00AAADC2 /* Release */,
			);
			defaultConfigurationIsVisible = 0;
			defaultConfigurationName = Release;
		};
/* End XCConfigurationList section */
	};
	rootObject = 73A99AB01DEE654A00AAADC2 /* Project object */;
}
